
Microsoft Visual Studio Solution File, Format Version 12.00
# Visual Studio Version 17
VisualStudioVersion = 17.7.34202.233
MinimumVisualStudioVersion = 10.0.40219.1
Project("{FAE04EC0-301F-11D3-BF4B-00C04F79EFBC}") = "Full Stack Project", "Full Stack Project\Full Stack Project.csproj", "{7798B606-9DB2-4384-859F-E694C5133DBE}"
EndProject
Global
	GlobalSection(SolutionConfigurationPlatforms) = preSolution
		Debug|Any CPU = Debug|Any CPU
		Release|Any CPU = Release|Any CPU
	EndGlobalSection
	GlobalSection(ProjectConfigurationPlatforms) = postSolution
		{7798B606-9DB2-4384-859F-E694C5133DBE}.Debug|Any CPU.ActiveCfg = Debug|Any CPU
		{7798B606-9DB2-4384-859F-E694C5133DBE}.Debug|Any CPU.Build.0 = Debug|Any CPU
		{7798B606-9DB2-4384-859F-E694C5133DBE}.Release|Any CPU.ActiveCfg = Release|Any CPU
		{7798B606-9DB2-4384-859F-E694C5133DBE}.Release|Any CPU.Build.0 = Release|Any CPU
	EndGlobalSection
	GlobalSection(SolutionProperties) = preSolution
		HideSolutionNode = FALSE
	EndGlobalSection
	GlobalSection(ExtensibilityGlobals) = postSolution
		SolutionGuid = {98D7E6C8-76CE-4D89-B612-9751AC2BF837}
	EndGlobalSection
EndGlobal
